
Microsoft Visual Studio Solution File, Format Version 12.00
# Visual Studio Version 17
VisualStudioVersion = 17.8.34511.84
MinimumVisualStudioVersion = 10.0.40219.1
Project("{FAE04EC0-301F-11D3-BF4B-00C04F79EFBC}") = "Casher", "Casher\Casher.csproj", "{339AD4E3-E225-498D-A868-C8B755B53E58}"
EndProject
Global
	GlobalSection(SolutionConfigurationPlatforms) = preSolution
		Debug|Any CPU = Debug|Any CPU
		Release|Any CPU = Release|Any CPU
	EndGlobalSection
	GlobalSection(ProjectConfigurationPlatforms) = postSolution
		{339AD4E3-E225-498D-A868-C8B755B53E58}.Debug|Any CPU.ActiveCfg = Debug|Any CPU
		{339AD4E3-E225-498D-A868-C8B755B53E58}.Debug|Any CPU.Build.0 = Debug|Any CPU
		{339AD4E3-E225-498D-A868-C8B755B53E58}.Release|Any CPU.ActiveCfg = Release|Any CPU
		{339AD4E3-E225-498D-A868-C8B755B53E58}.Release|Any CPU.Build.0 = Release|Any CPU
	EndGlobalSection
	GlobalSection(SolutionProperties) = preSolution
		HideSolutionNode = FALSE
	EndGlobalSection
	GlobalSection(ExtensibilityGlobals) = postSolution
		SolutionGuid = {AA1E36A8-B74E-4EA6-A368-5B01CCE96C8F}
	EndGlobalSection
EndGlobal
